
Microsoft Visual Studio Solution File, Format Version 12.00
# Visual Studio Version 16
VisualStudioVersion = 16.0.29215.179
MinimumVisualStudioVersion = 10.0.40219.1
Project("{FAE04EC0-301F-11D3-BF4B-00C04F79EFBC}") = "Sortering LUAY", "Sortering LUAY\Sortering LUAY.csproj", "{94DDD75E-A368-4ADE-969C-BB20F5EF577D}"
EndProject
Global
	GlobalSection(SolutionConfigurationPlatforms) = preSolution
		Debug|Any CPU = Debug|Any CPU
		Release|Any CPU = Release|Any CPU
	EndGlobalSection
	GlobalSection(ProjectConfigurationPlatforms) = postSolution
		{94DDD75E-A368-4ADE-969C-BB20F5EF577D}.Debug|Any CPU.ActiveCfg = Debug|Any CPU
		{94DDD75E-A368-4ADE-969C-BB20F5EF577D}.Debug|Any CPU.Build.0 = Debug|Any CPU
		{94DDD75E-A368-4ADE-969C-BB20F5EF577D}.Release|Any CPU.ActiveCfg = Release|Any CPU
		{94DDD75E-A368-4ADE-969C-BB20F5EF577D}.Release|Any CPU.Build.0 = Release|Any CPU
	EndGlobalSection
	GlobalSection(SolutionProperties) = preSolution
		HideSolutionNode = FALSE
	EndGlobalSection
	GlobalSection(ExtensibilityGlobals) = postSolution
		SolutionGuid = {01B6864D-36F1-4A88-A242-6A9227A112DE}
	EndGlobalSection
EndGlobal
